
Microsoft Visual Studio Solution File, Format Version 12.00
# Visual Studio 2013
VisualStudioVersion = 12.0.21005.1
MinimumVisualStudioVersion = 10.0.40219.1
Project("{FAE04EC0-301F-11D3-BF4B-00C04F79EFBC}") = "KCC.PROMOTION", "KCC.PROMOTION\KCC.PROMOTION.csproj", "{73BB14AD-5E99-4E86-A612-C7611D34BE06}"
EndProject
Global
	GlobalSection(TeamFoundationVersionControl) = preSolution
		SccNumberOfProjects = 2
		SccEnterpriseProvider = {4CA58AB2-18FA-4F8D-95D4-32DDF27D184C}
		SccTeamFoundationServer = http://tfsrv10:8080/tfs/developercollection
		SccLocalPath0 = .
		SccProjectUniqueName1 = KCC.PROMOTION\\KCC.PROMOTION.csproj
		SccProjectName1 = KCC.PROMOTION
		SccLocalPath1 = KCC.PROMOTION
	EndGlobalSection
	GlobalSection(SolutionConfigurationPlatforms) = preSolution
		Debug|Any CPU = Debug|Any CPU
		Release|Any CPU = Release|Any CPU
	EndGlobalSection
	GlobalSection(ProjectConfigurationPlatforms) = postSolution
		{73BB14AD-5E99-4E86-A612-C7611D34BE06}.Debug|Any CPU.ActiveCfg = Debug|Any CPU
		{73BB14AD-5E99-4E86-A612-C7611D34BE06}.Debug|Any CPU.Build.0 = Debug|Any CPU
		{73BB14AD-5E99-4E86-A612-C7611D34BE06}.Release|Any CPU.ActiveCfg = Release|Any CPU
		{73BB14AD-5E99-4E86-A612-C7611D34BE06}.Release|Any CPU.Build.0 = Release|Any CPU
	EndGlobalSection
	GlobalSection(SolutionProperties) = preSolution
		HideSolutionNode = FALSE
	EndGlobalSection
EndGlobal
